
Microsoft Visual Studio Solution File, Format Version 12.00
# Visual Studio Version 17
VisualStudioVersion = 17.14.36221.1 d17.14
MinimumVisualStudioVersion = 10.0.40219.1
Project("{FAE04EC0-301F-11D3-BF4B-00C04F79EFBC}") = "TrangQuanTri_BanSach", "TrangQuanTri_BanSach\TrangQuanTri_BanSach.csproj", "{3245B3F1-CD9A-40A2-94D7-7631BFCCA8DA}"
EndProject
Global
	GlobalSection(SolutionConfigurationPlatforms) = preSolution
		Debug|Any CPU = Debug|Any CPU
		Release|Any CPU = Release|Any CPU
	EndGlobalSection
	GlobalSection(ProjectConfigurationPlatforms) = postSolution
		{3245B3F1-CD9A-40A2-94D7-7631BFCCA8DA}.Debug|Any CPU.ActiveCfg = Debug|Any CPU
		{3245B3F1-CD9A-40A2-94D7-7631BFCCA8DA}.Debug|Any CPU.Build.0 = Debug|Any CPU
		{3245B3F1-CD9A-40A2-94D7-7631BFCCA8DA}.Release|Any CPU.ActiveCfg = Release|Any CPU
		{3245B3F1-CD9A-40A2-94D7-7631BFCCA8DA}.Release|Any CPU.Build.0 = Release|Any CPU
	EndGlobalSection
	GlobalSection(SolutionProperties) = preSolution
		HideSolutionNode = FALSE
	EndGlobalSection
	GlobalSection(ExtensibilityGlobals) = postSolution
		SolutionGuid = {57E6C3FE-CFB4-474A-9FF5-8A7F1E50A962}
	EndGlobalSection
EndGlobal
